Microsoft Visual Studio Solution File, Format Version 12.00
# Visual Studio Version 17
VisualStudioVersion = 17.5.2.0
MinimumVisualStudioVersion = 10.0.40219.1
Project("{FAE04EC0-301F-11D3-BF4B-00C04F79EFBC}") = "Projekt_dotnet_WEBB", "Projekt_dotnet_WEBB.csproj", "{B244B383-B9F3-F26A-1B42-0A79EBC2AFC8}"
EndProject
Global
	GlobalSection(SolutionConfigurationPlatforms) = preSolution
		Debug|Any CPU = Debug|Any CPU
		Release|Any CPU = Release|Any CPU
	EndGlobalSection
	GlobalSection(ProjectConfigurationPlatforms) = postSolution
		{B244B383-B9F3-F26A-1B42-0A79EBC2AFC8}.Debug|Any CPU.ActiveCfg = Debug|Any CPU
		{B244B383-B9F3-F26A-1B42-0A79EBC2AFC8}.Debug|Any CPU.Build.0 = Debug|Any CPU
		{B244B383-B9F3-F26A-1B42-0A79EBC2AFC8}.Release|Any CPU.ActiveCfg = Release|Any CPU
		{B244B383-B9F3-F26A-1B42-0A79EBC2AFC8}.Release|Any CPU.Build.0 = Release|Any CPU
	EndGlobalSection
	GlobalSection(SolutionProperties) = preSolution
		HideSolutionNode = FALSE
	EndGlobalSection
	GlobalSection(ExtensibilityGlobals) = postSolution
		SolutionGuid = {FBACE151-CE91-465A-9BEF-D38CC06F13E0}
	EndGlobalSection
EndGlobal
